
Microsoft Visual Studio Solution File, Format Version 12.00
# Visual Studio Version 17
VisualStudioVersion = 17.4.33213.308
MinimumVisualStudioVersion = 10.0.40219.1
Project("{FAE04EC0-301F-11D3-BF4B-00C04F79EFBC}") = "WpfHttpClientLabe1", "WpfHttpClientLabe1\WpfHttpClientLabe1.csproj", "{9178D53D-D392-4CE8-B074-F73EE2532017}"
EndProject
Global
	GlobalSection(SolutionConfigurationPlatforms) = preSolution
		Debug|Any CPU = Debug|Any CPU
		Release|Any CPU = Release|Any CPU
	EndGlobalSection
	GlobalSection(ProjectConfigurationPlatforms) = postSolution
		{9178D53D-D392-4CE8-B074-F73EE2532017}.Debug|Any CPU.ActiveCfg = Debug|Any CPU
		{9178D53D-D392-4CE8-B074-F73EE2532017}.Debug|Any CPU.Build.0 = Debug|Any CPU
		{9178D53D-D392-4CE8-B074-F73EE2532017}.Release|Any CPU.ActiveCfg = Release|Any CPU
		{9178D53D-D392-4CE8-B074-F73EE2532017}.Release|Any CPU.Build.0 = Release|Any CPU
	EndGlobalSection
	GlobalSection(SolutionProperties) = preSolution
		HideSolutionNode = FALSE
	EndGlobalSection
	GlobalSection(ExtensibilityGlobals) = postSolution
		SolutionGuid = {FF1B3457-993A-4079-9056-FE5EEB099E20}
	EndGlobalSection
EndGlobal
